
Microsoft Visual Studio Solution File, Format Version 12.00
# Visual Studio Version 17
VisualStudioVersion = 17.7.34202.233
MinimumVisualStudioVersion = 10.0.40219.1
Project("{FAE04EC0-301F-11D3-BF4B-00C04F79EFBC}") = "Calculator", "Calculator\Calculator.csproj", "{E377DEB3-8E77-488E-BF8B-85856B1B28B9}"
EndProject
Global
	GlobalSection(SolutionConfigurationPlatforms) = preSolution
		Debug|Any CPU = Debug|Any CPU
		Release|Any CPU = Release|Any CPU
	EndGlobalSection
	GlobalSection(ProjectConfigurationPlatforms) = postSolution
		{E377DEB3-8E77-488E-BF8B-85856B1B28B9}.Debug|Any CPU.ActiveCfg = Debug|Any CPU
		{E377DEB3-8E77-488E-BF8B-85856B1B28B9}.Debug|Any CPU.Build.0 = Debug|Any CPU
		{E377DEB3-8E77-488E-BF8B-85856B1B28B9}.Debug|Any CPU.Deploy.0 = Debug|Any CPU
		{E377DEB3-8E77-488E-BF8B-85856B1B28B9}.Release|Any CPU.ActiveCfg = Release|Any CPU
		{E377DEB3-8E77-488E-BF8B-85856B1B28B9}.Release|Any CPU.Build.0 = Release|Any CPU
		{E377DEB3-8E77-488E-BF8B-85856B1B28B9}.Release|Any CPU.Deploy.0 = Release|Any CPU
	EndGlobalSection
	GlobalSection(SolutionProperties) = preSolution
		HideSolutionNode = FALSE
	EndGlobalSection
	GlobalSection(ExtensibilityGlobals) = postSolution
		SolutionGuid = {65594532-B8FC-45E6-BDAC-73847CE977BD}
	EndGlobalSection
EndGlobal
